
Microsoft Visual Studio Solution File, Format Version 12.00
# Visual Studio Version 17
VisualStudioVersion = 17.10.35004.147
MinimumVisualStudioVersion = 10.0.40219.1
Project("{FAE04EC0-301F-11D3-BF4B-00C04F79EFBC}") = "PerreraPOO", "PerreraPOO.csproj", "{BA06640E-3DB9-4991-827C-71C43C163E90}"
EndProject
Global
	GlobalSection(SolutionConfigurationPlatforms) = preSolution
		Debug|Any CPU = Debug|Any CPU
		Release|Any CPU = Release|Any CPU
	EndGlobalSection
	GlobalSection(ProjectConfigurationPlatforms) = postSolution
		{BA06640E-3DB9-4991-827C-71C43C163E90}.Debug|Any CPU.ActiveCfg = Debug|Any CPU
		{BA06640E-3DB9-4991-827C-71C43C163E90}.Debug|Any CPU.Build.0 = Debug|Any CPU
		{BA06640E-3DB9-4991-827C-71C43C163E90}.Release|Any CPU.ActiveCfg = Release|Any CPU
		{BA06640E-3DB9-4991-827C-71C43C163E90}.Release|Any CPU.Build.0 = Release|Any CPU
	EndGlobalSection
	GlobalSection(SolutionProperties) = preSolution
		HideSolutionNode = FALSE
	EndGlobalSection
	GlobalSection(ExtensibilityGlobals) = postSolution
		SolutionGuid = {971B8D5D-1403-492B-81D9-2EDC33330DE4}
	EndGlobalSection
EndGlobal
